{
  "name": "minicode-10",
  "version": "1.0.0",
  "lockfileVersion": 1,
  "requires": true,
  "dependencies": {
    "miniprogram-api-promise": {
      "version": "1.0.2",
      "resolved": "https://registry.npmjs.org/miniprogram-api-promise/-/miniprogram-api-promise-1.0.2.tgz",
      "integrity": "sha512-yNvcOmey/STj2hdtZ1sKVDdHMklf06Y05blD1zZD+3m/dY/CrernHLYyAYgacqvhN4HHfkiyFwTtqci8ZX957A=="
    }
  }
}
